// !$*UTF8*$!
{
	archiveVersion = 1;
	classes = {
	};
	objectVersion = 46;
	objects = {

/* Begin PBXBuildFile section */
		2569B2481CFED7EE0094188A /* main.m in Sources */ = {isa = PBXBuildFile; fileRef = 2569B2471CFED7EE0094188A /* main.m */; };
		2569B24B1CFED7EE0094188A /* AppDelegate.m in Sources */ = {isa = PBXBuildFile; fileRef = 2569B24A1CFED7EE0094188A /* AppDelegate.m */; };
		2569B24E1CFED7EE0094188A /* ViewController.m in Sources */ = {isa = PBXBuildFile; fileRef = 2569B24D1CFED7EE0094188A /* ViewController.m */; };
		2569B2511CFED7EE0094188A /* Main.storyboard in Resources */ = {isa = PBXBuildFile; fileRef = 2569B24F1CFED7EE0094188A /* Main.storyboard */; };
		2569B2531CFED7EE0094188A /* Assets.xcassets in Resources */ = {isa = PBXBuildFile; fileRef = 2569B2521CFED7EE0094188A /* Assets.xcassets */; };
		2569B2561CFED7EE0094188A /* LaunchScreen.storyboard in Resources */ = {isa = PBXBuildFile; fileRef = 2569B2541CFED7EE0094188A /* LaunchScreen.storyboard */; };
		2569B2611CFED7EE0094188A /* MVVMBinderUseReactiveCocoaTests.m in Sources */ = {isa = PBXBuildFile; fileRef = 2569B2601CFED7EE0094188A /* MVVMBinderUseReactiveCocoaTests.m */; };
		2569B27F1CFEE2800094188A /* ShowCaseView.m in Sources */ = {isa = PBXBuildFile; fileRef = 2569B27E1CFEE2800094188A /* ShowCaseView.m */; };
		2569B2821CFEE28A0094188A /* ShowCaseViewModel.m in Sources */ = {isa = PBXBuildFile; fileRef = 2569B2811CFEE28A0094188A /* ShowCaseViewModel.m */; };
		2569B2891CFEE2D30094188A /* ShowCaseViewModelService.m in Sources */ = {isa = PBXBuildFile; fileRef = 2569B2881CFEE2D30094188A /* ShowCaseViewModelService.m */; };
		2569B2941CFEE3BF0094188A /* ShowCaseView+Binder.m in Sources */ = {isa = PBXBuildFile; fileRef = 2569B2931CFEE3BF0094188A /* ShowCaseView+Binder.m */; };
		2569B2981CFFBC530094188A /* ShowCaseViewController.m in Sources */ = {isa = PBXBuildFile; fileRef = 2569B2971CFFBC530094188A /* ShowCaseViewController.m */; };
		2569B2B01CFFD4500094188A /* ReactiveCocoa.framework in Frameworks */ = {isa = PBXBuildFile; fileRef = 2569B26B1CFEE1120094188A /* ReactiveCocoa.framework */; };
		2569B2B11CFFD4500094188A /* ReactiveCocoa.framework in Embed Frameworks */ = {isa = PBXBuildFile; fileRef = 2569B26B1CFEE1120094188A /* ReactiveCocoa.framework */; settings = {ATTRIBUTES = (CodeSignOnCopy, RemoveHeadersOnCopy, ); }; };
		2569B2B21CFFD4500094188A /* Result.framework in Frameworks */ = {isa = PBXBuildFile; fileRef = 2569B26C1CFEE1120094188A /* Result.framework */; };
		2569B2B31CFFD4500094188A /* Result.framework in Embed Frameworks */ = {isa = PBXBuildFile; fileRef = 2569B26C1CFEE1120094188A /* Result.framework */; settings = {ATTRIBUTES = (CodeSignOnCopy, RemoveHeadersOnCopy, ); }; };
		2569B2D11D0055270094188A /* ShowCaseTableViewCell.m in Sources */ = {isa = PBXBuildFile; fileRef = 2569B2D01D0055270094188A /* ShowCaseTableViewCell.m */; };
		2569B2D51D0123BE0094188A /* ReactiveCocoa.framework in Frameworks */ = {isa = PBXBuildFile; fileRef = 2569B26B1CFEE1120094188A /* ReactiveCocoa.framework */; };
		2569B2D61D0123BE0094188A /* Result.framework in Frameworks */ = {isa = PBXBuildFile; fileRef = 2569B26C1CFEE1120094188A /* Result.framework */; };
		2569B2E11D012FA70094188A /* Kiwi.framework in Frameworks */ = {isa = PBXBuildFile; fileRef = 2569B2DF1D012F9A0094188A /* Kiwi.framework */; };
		2569B2E21D0130040094188A /* Kiwi.framework in Frameworks */ = {isa = PBXBuildFile; fileRef = 2569B2DF1D012F9A0094188A /* Kiwi.framework */; };
		2569B2E31D0130040094188A /* Kiwi.framework in Embed Frameworks */ = {isa = PBXBuildFile; fileRef = 2569B2DF1D012F9A0094188A /* Kiwi.framework */; settings = {ATTRIBUTES = (CodeSignOnCopy, RemoveHeadersOnCopy, ); }; };
		2591F7491D0D67BF002505D2 /* ShowCaseViewSwift.swift in Sources */ = {isa = PBXBuildFile; fileRef = 2591F7481D0D67BF002505D2 /* ShowCaseViewSwift.swift */; };
		25991D031D0E8FBC00FB269E /* libobjc.tbd in Frameworks */ = {isa = PBXBuildFile; fileRef = 25991D021D0E8FBC00FB269E /* libobjc.tbd */; };
		25C4EC0D1D0E5372004B8758 /* ShowCaseViewSwiftBinder.swift in Sources */ = {isa = PBXBuildFile; fileRef = 25C4EC0C1D0E5372004B8758 /* ShowCaseViewSwiftBinder.swift */; };
		25D057581D01516400EB17C9 /* ShowCaseNode.m in Sources */ = {isa = PBXBuildFile; fileRef = 25D057571D01516400EB17C9 /* ShowCaseNode.m */; };
		25D0575B1D01568600EB17C9 /* ShowCaseNode+Binder.m in Sources */ = {isa = PBXBuildFile; fileRef = 25D0575A1D01568600EB17C9 /* ShowCaseNode+Binder.m */; };
		25D0575E1D015B6A00EB17C9 /* ShowCaseCellNode.m in Sources */ = {isa = PBXBuildFile; fileRef = 25D0575D1D015B6A00EB17C9 /* ShowCaseCellNode.m */; };
		F550C6184C2CE57143BC7DBB /* libPods.a in Frameworks */ = {isa = PBXBuildFile; fileRef = E7FC9DB8CC7AAC0E7063E3A1 /* libPods.a */; };
/* End PBXBuildFile section */

/* Begin PBXContainerItemProxy section */
		2569B25D1CFED7EE0094188A /* PBXContainerItemProxy */ = {
			isa = PBXContainerItemProxy;
			containerPortal = 2569B23B1CFED7EE0094188A /* Project object */;
			proxyType = 1;
			remoteGlobalIDString = 2569B2421CFED7EE0094188A;
			remoteInfo = MVVMBinderUseReactiveCocoa;
		};
/* End PBXContainerItemProxy section */

/* Begin PBXCopyFilesBuildPhase section */
		2569B2B41CFFD4500094188A /* Embed Frameworks */ = {
			isa = PBXCopyFilesBuildPhase;
			buildActionMask = 2147483647;
			dstPath = "";
			dstSubfolderSpec = 10;
			files = (
				2569B2E31D0130040094188A /* Kiwi.framework in Embed Frameworks */,
				2569B2B11CFFD4500094188A /* ReactiveCocoa.framework in Embed Frameworks */,
				2569B2B31CFFD4500094188A /* Result.framework in Embed Frameworks */,
			);
			name = "Embed Frameworks";
			runOnlyForDeploymentPostprocessing = 0;
		};
/* End PBXCopyFilesBuildPhase section */

/* Begin PBXFileReference section */
		2569B2431CFED7EE0094188A /* MVVMBinderUseReactiveCocoa.app */ = {isa = PBXFileReference; explicitFileType = wrapper.application; includeInIndex = 0; path = MVVMBinderUseReactiveCocoa.app; sourceTree = BUILT_PRODUCTS_DIR; };
		2569B2471CFED7EE0094188A /* main.m */ = {isa = PBXFileReference; lastKnownFileType = sourcecode.c.objc; path = main.m; sourceTree = "<group>"; };
		2569B2491CFED7EE0094188A /* AppDelegate.h */ = {isa = PBXFileReference; lastKnownFileType = sourcecode.c.h; path = AppDelegate.h; sourceTree = "<group>"; };
		2569B24A1CFED7EE0094188A /* AppDelegate.m */ = {isa = PBXFileReference; lastKnownFileType = sourcecode.c.objc; path = AppDelegate.m; sourceTree = "<group>"; };
		2569B24C1CFED7EE0094188A /* ViewController.h */ = {isa = PBXFileReference; lastKnownFileType = sourcecode.c.h; path = ViewController.h; sourceTree = "<group>"; };
		2569B24D1CFED7EE0094188A /* ViewController.m */ = {isa = PBXFileReference; lastKnownFileType = sourcecode.c.objc; path = ViewController.m; sourceTree = "<group>"; };
		2569B2501CFED7EE0094188A /* Base */ = {isa = PBXFileReference; lastKnownFileType = file.storyboard; name = Base; path = Base.lproj/Main.storyboard; sourceTree = "<group>"; };
		2569B2521CFED7EE0094188A /* Assets.xcassets */ = {isa = PBXFileReference; lastKnownFileType = folder.assetcatalog; path = Assets.xcassets; sourceTree = "<group>"; };
		2569B2551CFED7EE0094188A /* Base */ = {isa = PBXFileReference; lastKnownFileType = file.storyboard; name = Base; path = Base.lproj/LaunchScreen.storyboard; sourceTree = "<group>"; };
		2569B2571CFED7EE0094188A /* Info.plist */ = {isa = PBXFileReference; lastKnownFileType = text.plist.xml; path = Info.plist; sourceTree = "<group>"; };
		2569B25C1CFED7EE0094188A /* MVVMBinderUseReactiveCocoaTests.xctest */ = {isa = PBXFileReference; explicitFileType = wrapper.cfbundle; includeInIndex = 0; path = MVVMBinderUseReactiveCocoaTests.xctest; sourceTree = BUILT_PRODUCTS_DIR; };
		2569B2601CFED7EE0094188A /* MVVMBinderUseReactiveCocoaTests.m */ = {isa = PBXFileReference; lastKnownFileType = sourcecode.c.objc; path = MVVMBinderUseReactiveCocoaTests.m; sourceTree = "<group>"; };
		2569B2621CFED7EE0094188A /* Info.plist */ = {isa = PBXFileReference; lastKnownFileType = text.plist.xml; path = Info.plist; sourceTree = "<group>"; };
		2569B26B1CFEE1120094188A /* ReactiveCocoa.framework */ = {isa = PBXFileReference; lastKnownFileType = wrapper.framework; name = ReactiveCocoa.framework; path = Carthage/Build/iOS/ReactiveCocoa.framework; sourceTree = "<group>"; };
		2569B26C1CFEE1120094188A /* Result.framework */ = {isa = PBXFileReference; lastKnownFileType = wrapper.framework; name = Result.framework; path = Carthage/Build/iOS/Result.framework; sourceTree = "<group>"; };
		2569B2751CFEE15B0094188A /* PrefixHeader.pch */ = {isa = PBXFileReference; lastKnownFileType = sourcecode.c.h; path = PrefixHeader.pch; sourceTree = "<group>"; };
		2569B27D1CFEE2800094188A /* ShowCaseView.h */ = {isa = PBXFileReference; fileEncoding = 4; lastKnownFileType = sourcecode.c.h; path = ShowCaseView.h; sourceTree = "<group>"; };
		2569B27E1CFEE2800094188A /* ShowCaseView.m */ = {isa = PBXFileReference; fileEncoding = 4; lastKnownFileType = sourcecode.c.objc; path = ShowCaseView.m; sourceTree = "<group>"; };
		2569B2801CFEE28A0094188A /* ShowCaseViewModel.h */ = {isa = PBXFileReference; fileEncoding = 4; lastKnownFileType = sourcecode.c.h; path = ShowCaseViewModel.h; sourceTree = "<group>"; };
		2569B2811CFEE28A0094188A /* ShowCaseViewModel.m */ = {isa = PBXFileReference; fileEncoding = 4; lastKnownFileType = sourcecode.c.objc; path = ShowCaseViewModel.m; sourceTree = "<group>"; };
		2569B2871CFEE2D30094188A /* ShowCaseViewModelService.h */ = {isa = PBXFileReference; fileEncoding = 4; lastKnownFileType = sourcecode.c.h; path = ShowCaseViewModelService.h; sourceTree = "<group>"; };
		2569B2881CFEE2D30094188A /* ShowCaseViewModelService.m */ = {isa = PBXFileReference; fileEncoding = 4; lastKnownFileType = sourcecode.c.objc; path = ShowCaseViewModelService.m; sourceTree = "<group>"; };
		2569B28A1CFEE32A0094188A /* ShowCaseViewProtocol.h */ = {isa = PBXFileReference; fileEncoding = 4; lastKnownFileType = sourcecode.c.h; path = ShowCaseViewProtocol.h; sourceTree = "<group>"; };
		2569B2921CFEE3BF0094188A /* ShowCaseView+Binder.h */ = {isa = PBXFileReference; fileEncoding = 4; lastKnownFileType = sourcecode.c.h; path = "ShowCaseView+Binder.h"; sourceTree = "<group>"; };
		2569B2931CFEE3BF0094188A /* ShowCaseView+Binder.m */ = {isa = PBXFileReference; fileEncoding = 4; lastKnownFileType = sourcecode.c.objc; path = "ShowCaseView+Binder.m"; sourceTree = "<group>"; };
		2569B2951CFEE43E0094188A /* ShowCaseViewModelProtocol.h */ = {isa = PBXFileReference; fileEncoding = 4; lastKnownFileType = sourcecode.c.h; path = ShowCaseViewModelProtocol.h; sourceTree = "<group>"; };
		2569B2961CFFBC530094188A /* ShowCaseViewController.h */ = {isa = PBXFileReference; fileEncoding = 4; lastKnownFileType = sourcecode.c.h; path = ShowCaseViewController.h; sourceTree = "<group>"; };
		2569B2971CFFBC530094188A /* ShowCaseViewController.m */ = {isa = PBXFileReference; fileEncoding = 4; lastKnownFileType = sourcecode.c.objc; path = ShowCaseViewController.m; sourceTree = "<group>"; };
		2569B2CF1D0055270094188A /* ShowCaseTableViewCell.h */ = {isa = PBXFileReference; fileEncoding = 4; lastKnownFileType = sourcecode.c.h; path = ShowCaseTableViewCell.h; sourceTree = "<group>"; };
		2569B2D01D0055270094188A /* ShowCaseTableViewCell.m */ = {isa = PBXFileReference; fileEncoding = 4; lastKnownFileType = sourcecode.c.objc; path = ShowCaseTableViewCell.m; sourceTree = "<group>"; };
		2569B2DC1D012D8E0094188A /* libKiwi.a */ = {isa = PBXFileReference; lastKnownFileType = archive.ar; name = libKiwi.a; path = "../../../../Library/Developer/Xcode/DerivedData/MVVMBinderUseReactiveCocoa-dyhdqwwgbhdsmlangvzvtqucprbo/Build/Products/Debug-iphonesimulator/libKiwi.a"; sourceTree = "<group>"; };
		2569B2DF1D012F9A0094188A /* Kiwi.framework */ = {isa = PBXFileReference; lastKnownFileType = wrapper.framework; name = Kiwi.framework; path = Carthage/Build/iOS/Kiwi.framework; sourceTree = "<group>"; };
		2591F7471D0D67BF002505D2 /* MVVMBinderUseReactiveCocoa-Bridging-Header.h */ = {isa = PBXFileReference; lastKnownFileType = sourcecode.c.h; path = "MVVMBinderUseReactiveCocoa-Bridging-Header.h"; sourceTree = "<group>"; };
		2591F7481D0D67BF002505D2 /* ShowCaseViewSwift.swift */ = {isa = PBXFileReference; fileEncoding = 4; lastKnownFileType = sourcecode.swift; path = ShowCaseViewSwift.swift; sourceTree = "<group>"; };
		25991D021D0E8FBC00FB269E /* libobjc.tbd */ = {isa = PBXFileReference; lastKnownFileType = "sourcecode.text-based-dylib-definition"; name = libobjc.tbd; path = usr/lib/libobjc.tbd; sourceTree = SDKROOT; };
		25C4EC0C1D0E5372004B8758 /* ShowCaseViewSwiftBinder.swift */ = {isa = PBXFileReference; fileEncoding = 4; lastKnownFileType = sourcecode.swift; path = ShowCaseViewSwiftBinder.swift; sourceTree = "<group>"; };
		25D057561D01516400EB17C9 /* ShowCaseNode.h */ = {isa = PBXFileReference; fileEncoding = 4; lastKnownFileType = sourcecode.c.h; path = ShowCaseNode.h; sourceTree = "<group>"; };
		25D057571D01516400EB17C9 /* ShowCaseNode.m */ = {isa = PBXFileReference; fileEncoding = 4; lastKnownFileType = sourcecode.c.objc; path = ShowCaseNode.m; sourceTree = "<group>"; };
		25D057591D01568600EB17C9 /* ShowCaseNode+Binder.h */ = {isa = PBXFileReference; fileEncoding = 4; lastKnownFileType = sourcecode.c.h; path = "ShowCaseNode+Binder.h"; sourceTree = "<group>"; };
		25D0575A1D01568600EB17C9 /* ShowCaseNode+Binder.m */ = {isa = PBXFileReference; fileEncoding = 4; lastKnownFileType = sourcecode.c.objc; path = "ShowCaseNode+Binder.m"; sourceTree = "<group>"; };
		25D0575C1D015B6A00EB17C9 /* ShowCaseCellNode.h */ = {isa = PBXFileReference; fileEncoding = 4; lastKnownFileType = sourcecode.c.h; path = ShowCaseCellNode.h; sourceTree = "<group>"; };
		25D0575D1D015B6A00EB17C9 /* ShowCaseCellNode.m */ = {isa = PBXFileReference; fileEncoding = 4; lastKnownFileType = sourcecode.c.objc; path = ShowCaseCellNode.m; sourceTree = "<group>"; };
		522100BC7F63C4F82F1D1850 /* Pods.debug.xcconfig */ = {isa = PBXFileReference; includeInIndex = 1; lastKnownFileType = text.xcconfig; name = Pods.debug.xcconfig; path = "Pods/Target Support Files/Pods/Pods.debug.xcconfig"; sourceTree = "<group>"; };
		753617AE657F7BD8F6A0C9C7 /* Pods.release.xcconfig */ = {isa = PBXFileReference; includeInIndex = 1; lastKnownFileType = text.xcconfig; name = Pods.release.xcconfig; path = "Pods/Target Support Files/Pods/Pods.release.xcconfig"; sourceTree = "<group>"; };
		E7FC9DB8CC7AAC0E7063E3A1 /* libPods.a */ = {isa = PBXFileReference; explicitFileType = archive.ar; includeInIndex = 0; path = libPods.a; sourceTree = BUILT_PRODUCTS_DIR; };
/* End PBXFileReference section */

/* Begin PBXFrameworksBuildPhase section */
		2569B2401CFED7EE0094188A /* Frameworks */ = {
			isa = PBXFrameworksBuildPhase;
			buildActionMask = 2147483647;
			files = (
				25991D031D0E8FBC00FB269E /* libobjc.tbd in Frameworks */,
				2569B2B21CFFD4500094188A /* Result.framework in Frameworks */,
				F550C6184C2CE57143BC7DBB /* libPods.a in Frameworks */,
				2569B2E21D0130040094188A /* Kiwi.framework in Frameworks */,
				2569B2B01CFFD4500094188A /* ReactiveCocoa.framework in Frameworks */,
			);
			runOnlyForDeploymentPostprocessing = 0;
		};
		2569B2591CFED7EE0094188A /* Frameworks */ = {
			isa = PBXFrameworksBuildPhase;
			buildActionMask = 2147483647;
			files = (
				2569B2D51D0123BE0094188A /* ReactiveCocoa.framework in Frameworks */,
				2569B2D61D0123BE0094188A /* Result.framework in Frameworks */,
				2569B2E11D012FA70094188A /* Kiwi.framework in Frameworks */,
			);
			runOnlyForDeploymentPostprocessing = 0;
		};
/* End PBXFrameworksBuildPhase section */

/* Begin PBXGroup section */
		2569B23A1CFED7EE0094188A = {
			isa = PBXGroup;
			children = (
				2569B2451CFED7EE0094188A /* MVVMBinderUseReactiveCocoa */,
				2569B25F1CFED7EE0094188A /* MVVMBinderUseReactiveCocoaTests */,
				2569B2441CFED7EE0094188A /* Products */,
				3568F449AB3EF92A20213446 /* Pods */,
				4021D675B4F9EED2683CF745 /* Frameworks */,
				2569B2741CFEE1300094188A /* Supporing Files */,
			);
			sourceTree = "<group>";
		};
		2569B2441CFED7EE0094188A /* Products */ = {
			isa = PBXGroup;
			children = (
				2569B2431CFED7EE0094188A /* MVVMBinderUseReactiveCocoa.app */,
				2569B25C1CFED7EE0094188A /* MVVMBinderUseReactiveCocoaTests.xctest */,
			);
			name = Products;
			sourceTree = "<group>";
		};
		2569B2451CFED7EE0094188A /* MVVMBinderUseReactiveCocoa */ = {
			isa = PBXGroup;
			children = (
				25C4EC041D0E4E85004B8758 /* Swift */,
				2569B2771CFEE1C60094188A /* Protocol */,
				2569B2761CFEE1C00094188A /* View */,
				2569B28B1CFEE3880094188A /* Binder */,
				2569B2781CFEE1CA0094188A /* ViewModel */,
				2569B2791CFEE1D80094188A /* Model */,
				2569B2491CFED7EE0094188A /* AppDelegate.h */,
				2569B24A1CFED7EE0094188A /* AppDelegate.m */,
				2569B24C1CFED7EE0094188A /* ViewController.h */,
				2569B24D1CFED7EE0094188A /* ViewController.m */,
				2569B2961CFFBC530094188A /* ShowCaseViewController.h */,
				2569B2971CFFBC530094188A /* ShowCaseViewController.m */,
				2569B24F1CFED7EE0094188A /* Main.storyboard */,
				2569B2521CFED7EE0094188A /* Assets.xcassets */,
				2569B2541CFED7EE0094188A /* LaunchScreen.storyboard */,
				2569B2571CFED7EE0094188A /* Info.plist */,
				2569B2461CFED7EE0094188A /* Supporting Files */,
			);
			path = MVVMBinderUseReactiveCocoa;
			sourceTree = "<group>";
		};
		2569B2461CFED7EE0094188A /* Supporting Files */ = {
			isa = PBXGroup;
			children = (
				2569B2471CFED7EE0094188A /* main.m */,
			);
			name = "Supporting Files";
			sourceTree = "<group>";
		};
		2569B25F1CFED7EE0094188A /* MVVMBinderUseReactiveCocoaTests */ = {
			isa = PBXGroup;
			children = (
				2569B2601CFED7EE0094188A /* MVVMBinderUseReactiveCocoaTests.m */,
				2569B2621CFED7EE0094188A /* Info.plist */,
			);
			path = MVVMBinderUseReactiveCocoaTests;
			sourceTree = "<group>";
		};
		2569B2741CFEE1300094188A /* Supporing Files */ = {
			isa = PBXGroup;
			children = (
				2569B2751CFEE15B0094188A /* PrefixHeader.pch */,
			);
			name = "Supporing Files";
			sourceTree = "<group>";
		};
		2569B2761CFEE1C00094188A /* View */ = {
			isa = PBXGroup;
			children = (
				2569B27D1CFEE2800094188A /* ShowCaseView.h */,
				2569B27E1CFEE2800094188A /* ShowCaseView.m */,
				2569B2CF1D0055270094188A /* ShowCaseTableViewCell.h */,
				2569B2D01D0055270094188A /* ShowCaseTableViewCell.m */,
				25D057561D01516400EB17C9 /* ShowCaseNode.h */,
				25D057571D01516400EB17C9 /* ShowCaseNode.m */,
				25D0575C1D015B6A00EB17C9 /* ShowCaseCellNode.h */,
				25D0575D1D015B6A00EB17C9 /* ShowCaseCellNode.m */,
				2591F7471D0D67BF002505D2 /* MVVMBinderUseReactiveCocoa-Bridging-Header.h */,
			);
			name = View;
			sourceTree = "<group>";
		};
		2569B2771CFEE1C60094188A /* Protocol */ = {
			isa = PBXGroup;
			children = (
				2569B28A1CFEE32A0094188A /* ShowCaseViewProtocol.h */,
				2569B2951CFEE43E0094188A /* ShowCaseViewModelProtocol.h */,
			);
			name = Protocol;
			sourceTree = "<group>";
		};
		2569B2781CFEE1CA0094188A /* ViewModel */ = {
			isa = PBXGroup;
			children = (
				2569B2801CFEE28A0094188A /* ShowCaseViewModel.h */,
				2569B2811CFEE28A0094188A /* ShowCaseViewModel.m */,
			);
			name = ViewModel;
			sourceTree = "<group>";
		};
		2569B2791CFEE1D80094188A /* Model */ = {
			isa = PBXGroup;
			children = (
				2569B2871CFEE2D30094188A /* ShowCaseViewModelService.h */,
				2569B2881CFEE2D30094188A /* ShowCaseViewModelService.m */,
			);
			name = Model;
			sourceTree = "<group>";
		};
		2569B28B1CFEE3880094188A /* Binder */ = {
			isa = PBXGroup;
			children = (
				2569B2921CFEE3BF0094188A /* ShowCaseView+Binder.h */,
				2569B2931CFEE3BF0094188A /* ShowCaseView+Binder.m */,
				25D057591D01568600EB17C9 /* ShowCaseNode+Binder.h */,
				25D0575A1D01568600EB17C9 /* ShowCaseNode+Binder.m */,
			);
			name = Binder;
			sourceTree = "<group>";
		};
		25C4EC041D0E4E85004B8758 /* Swift */ = {
			isa = PBXGroup;
			children = (
				25C4EC0B1D0E50A2004B8758 /* ViewModel */,
				25C4EC0A1D0E509F004B8758 /* View */,
				25C4EC091D0E5091004B8758 /* Binder */,
			);
			name = Swift;
			sourceTree = "<group>";
		};
		25C4EC091D0E5091004B8758 /* Binder */ = {
			isa = PBXGroup;
			children = (
				25C4EC0C1D0E5372004B8758 /* ShowCaseViewSwiftBinder.swift */,
			);
			name = Binder;
			sourceTree = "<group>";
		};
		25C4EC0A1D0E509F004B8758 /* View */ = {
			isa = PBXGroup;
			children = (
				2591F7481D0D67BF002505D2 /* ShowCaseViewSwift.swift */,
			);
			name = View;
			sourceTree = "<group>";
		};
		25C4EC0B1D0E50A2004B8758 /* ViewModel */ = {
			isa = PBXGroup;
			children = (
			);
			name = ViewModel;
			sourceTree = "<group>";
		};
		3568F449AB3EF92A20213446 /* Pods */ = {
			isa = PBXGroup;
			children = (
				522100BC7F63C4F82F1D1850 /* Pods.debug.xcconfig */,
				753617AE657F7BD8F6A0C9C7 /* Pods.release.xcconfig */,
			);
			name = Pods;
			sourceTree = "<group>";
		};
		4021D675B4F9EED2683CF745 /* Frameworks */ = {
			isa = PBXGroup;
			children = (
				25991D021D0E8FBC00FB269E /* libobjc.tbd */,
				2569B2DF1D012F9A0094188A /* Kiwi.framework */,
				2569B2DC1D012D8E0094188A /* libKiwi.a */,
				2569B26B1CFEE1120094188A /* ReactiveCocoa.framework */,
				2569B26C1CFEE1120094188A /* Result.framework */,
				E7FC9DB8CC7AAC0E7063E3A1 /* libPods.a */,
			);
			name = Frameworks;
			sourceTree = "<group>";
		};
/* End PBXGroup section */

/* Begin PBXNativeTarget section */
		2569B2421CFED7EE0094188A /* MVVMBinderUseReactiveCocoa */ = {
			isa = PBXNativeTarget;
			buildConfigurationList = 2569B2651CFED7EE0094188A /* Build configuration list for PBXNativeTarget "MVVMBinderUseReactiveCocoa" */;
			buildPhases = (
				D377BF06005553C176D71EAE /* Check Pods Manifest.lock */,
				2569B23F1CFED7EE0094188A /* Sources */,
				2569B2401CFED7EE0094188A /* Frameworks */,
				2569B2411CFED7EE0094188A /* Resources */,
				B6379C98A9DCF81320EA9159 /* Embed Pods Frameworks */,
				D0B6A7733662871C1D3A3E57 /* Copy Pods Resources */,
				2569B2B41CFFD4500094188A /* Embed Frameworks */,
			);
			buildRules = (
			);
			dependencies = (
			);
			name = MVVMBinderUseReactiveCocoa;
			productName = MVVMBinderUseReactiveCocoa;
			productReference = 2569B2431CFED7EE0094188A /* MVVMBinderUseReactiveCocoa.app */;
			productType = "com.apple.product-type.application";
		};
		2569B25B1CFED7EE0094188A /* MVVMBinderUseReactiveCocoaTests */ = {
			isa = PBXNativeTarget;
			buildConfigurationList = 2569B2681CFED7EE0094188A /* Build configuration list for PBXNativeTarget "MVVMBinderUseReactiveCocoaTests" */;
			buildPhases = (
				2569B2581CFED7EE0094188A /* Sources */,
				2569B2591CFED7EE0094188A /* Frameworks */,
				2569B25A1CFED7EE0094188A /* Resources */,
			);
			buildRules = (
			);
			dependencies = (
				2569B25E1CFED7EE0094188A /* PBXTargetDependency */,
			);
			name = MVVMBinderUseReactiveCocoaTests;
			productName = MVVMBinderUseReactiveCocoaTests;
			productReference = 2569B25C1CFED7EE0094188A /* MVVMBinderUseReactiveCocoaTests.xctest */;
			productType = "com.apple.product-type.bundle.unit-test";
		};
/* End PBXNativeTarget section */

/* Begin PBXProject section */
		2569B23B1CFED7EE0094188A /* Project object */ = {
			isa = PBXProject;
			attributes = {
				LastUpgradeCheck = 0730;
				ORGANIZATIONNAME = gz;
				TargetAttributes = {
					2569B2421CFED7EE0094188A = {
						CreatedOnToolsVersion = 7.3;
						DevelopmentTeam = Q22UV47M73;
					};
					2569B25B1CFED7EE0094188A = {
						CreatedOnToolsVersion = 7.3;
						DevelopmentTeam = Q22UV47M73;
						TestTargetID = 2569B2421CFED7EE0094188A;
					};
				};
			};
			buildConfigurationList = 2569B23E1CFED7EE0094188A /* Build configuration list for PBXProject "MVVMBinderUseReactiveCocoa" */;
			compatibilityVersion = "Xcode 3.2";
			developmentRegion = English;
			hasScannedForEncodings = 0;
			knownRegions = (
				en,
				Base,
			);
			mainGroup = 2569B23A1CFED7EE0094188A;
			productRefGroup = 2569B2441CFED7EE0094188A /* Products */;
			projectDirPath = "";
			projectRoot = "";
			targets = (
				2569B2421CFED7EE0094188A /* MVVMBinderUseReactiveCocoa */,
				2569B25B1CFED7EE0094188A /* MVVMBinderUseReactiveCocoaTests */,
			);
		};
/* End PBXProject section */

/* Begin PBXResourcesBuildPhase section */
		2569B2411CFED7EE0094188A /* Resources */ = {
			isa = PBXResourcesBuildPhase;
			buildActionMask = 2147483647;
			files = (
				2569B2561CFED7EE0094188A /* LaunchScreen.storyboard in Resources */,
				2569B2531CFED7EE0094188A /* Assets.xcassets in Resources */,
				2569B2511CFED7EE0094188A /* Main.storyboard in Resources */,
			);
			runOnlyForDeploymentPostprocessing = 0;
		};
		2569B25A1CFED7EE0094188A /* Resources */ = {
			isa = PBXResourcesBuildPhase;
			buildActionMask = 2147483647;
			files = (
			);
			runOnlyForDeploymentPostprocessing = 0;
		};
/* End PBXResourcesBuildPhase section */

/* Begin PBXShellScriptBuildPhase section */
		B6379C98A9DCF81320EA9159 /* Embed Pods Frameworks */ = {
			isa = PBXShellScriptBuildPhase;
			buildActionMask = 2147483647;
			files = (
			);
			inputPaths = (
			);
			name = "Embed Pods Frameworks";
			outputPaths = (
			);
			runOnlyForDeploymentPostprocessing = 0;
			shellPath = /bin/sh;
			shellScript = "\"${SRCROOT}/Pods/Target Support Files/Pods/Pods-frameworks.sh\"\n";
			showEnvVarsInLog = 0;
		};
		D0B6A7733662871C1D3A3E57 /* Copy Pods Resources */ = {
			isa = PBXShellScriptBuildPhase;
			buildActionMask = 2147483647;
			files = (
			);
			inputPaths = (
			);
			name = "Copy Pods Resources";
			outputPaths = (
			);
			runOnlyForDeploymentPostprocessing = 0;
			shellPath = /bin/sh;
			shellScript = "\"${SRCROOT}/Pods/Target Support Files/Pods/Pods-resources.sh\"\n";
			showEnvVarsInLog = 0;
		};
		D377BF06005553C176D71EAE /* Check Pods Manifest.lock */ = {
			isa = PBXShellScriptBuildPhase;
			buildActionMask = 2147483647;
			files = (
			);
			inputPaths = (
			);
			name = "Check Pods Manifest.lock";
			outputPaths = (
			);
			runOnlyForDeploymentPostprocessing = 0;
			shellPath = /bin/sh;
			shellScript = "diff \"${PODS_ROOT}/../Podfile.lock\" \"${PODS_ROOT}/Manifest.lock\" > /dev/null\nif [[ $? != 0 ]] ; then\n    cat << EOM\nerror: The sandbox is not in sync with the Podfile.lock. Run 'pod install' or update your CocoaPods installation.\nEOM\n    exit 1\nfi\n";
			showEnvVarsInLog = 0;
		};
/* End PBXShellScriptBuildPhase section */

/* Begin PBXSourcesBuildPhase section */
		2569B23F1CFED7EE0094188A /* Sources */ = {
			isa = PBXSourcesBuildPhase;
			buildActionMask = 2147483647;
			files = (
				25D057581D01516400EB17C9 /* ShowCaseNode.m in Sources */,
				2569B27F1CFEE2800094188A /* ShowCaseView.m in Sources */,
				2569B2941CFEE3BF0094188A /* ShowCaseView+Binder.m in Sources */,
				2569B2D11D0055270094188A /* ShowCaseTableViewCell.m in Sources */,
				25D0575E1D015B6A00EB17C9 /* ShowCaseCellNode.m in Sources */,
				2569B24E1CFED7EE0094188A /* ViewController.m in Sources */,
				2591F7491D0D67BF002505D2 /* ShowCaseViewSwift.swift in Sources */,
				2569B2981CFFBC530094188A /* ShowCaseViewController.m in Sources */,
				2569B24B1CFED7EE0094188A /* AppDelegate.m in Sources */,
				2569B2821CFEE28A0094188A /* ShowCaseViewModel.m in Sources */,
				2569B2481CFED7EE0094188A /* main.m in Sources */,
				25D0575B1D01568600EB17C9 /* ShowCaseNode+Binder.m in Sources */,
				2569B2891CFEE2D30094188A /* ShowCaseViewModelService.m in Sources */,
				25C4EC0D1D0E5372004B8758 /* ShowCaseViewSwiftBinder.swift in Sources */,
			);
			runOnlyForDeploymentPostprocessing = 0;
		};
		2569B2581CFED7EE0094188A /* Sources */ = {
			isa = PBXSourcesBuildPhase;
			buildActionMask = 2147483647;
			files = (
				2569B2611CFED7EE0094188A /* MVVMBinderUseReactiveCocoaTests.m in Sources */,
			);
			runOnlyForDeploymentPostprocessing = 0;
		};
/* End PBXSourcesBuildPhase section */

/* Begin PBXTargetDependency section */
		2569B25E1CFED7EE0094188A /* PBXTargetDependency */ = {
			isa = PBXTargetDependency;
			target = 2569B2421CFED7EE0094188A /* MVVMBinderUseReactiveCocoa */;
			targetProxy = 2569B25D1CFED7EE0094188A /* PBXContainerItemProxy */;
		};
/* End PBXTargetDependency section */

/* Begin PBXVariantGroup section */
		2569B24F1CFED7EE0094188A /* Main.storyboard */ = {
			isa = PBXVariantGroup;
			children = (
				2569B2501CFED7EE0094188A /* Base */,
			);
			name = Main.storyboard;
			sourceTree = "<group>";
		};
		2569B2541CFED7EE0094188A /* LaunchScreen.storyboard */ = {
			isa = PBXVariantGroup;
			children = (
				2569B2551CFED7EE0094188A /* Base */,
			);
			name = LaunchScreen.storyboard;
			sourceTree = "<group>";
		};
/* End PBXVariantGroup section */

/* Begin XCBuildConfiguration section */
		2569B2631CFED7EE0094188A /* Debug */ = {
			isa = XCBuildConfiguration;
			buildSettings = {
				ALWAYS_SEARCH_USER_PATHS = NO;
				CLANG_ANALYZER_NONNULL = YES;
				CLANG_CXX_LANGUAGE_STANDARD = "gnu++0x";
				CLANG_CXX_LIBRARY = "libc++";
				CLANG_ENABLE_MODULES = YES;
				CLANG_ENABLE_OBJC_ARC = YES;
				CLANG_WARN_BOOL_CONVERSION = YES;
				CLANG_WARN_CONSTANT_CONVERSION = YES;
				CLANG_WARN_DIRECT_OBJC_ISA_USAGE = YES_ERROR;
				CLANG_WARN_EMPTY_BODY = YES;
				CLANG_WARN_ENUM_CONVERSION = YES;
				CLANG_WARN_INT_CONVERSION = YES;
				CLANG_WARN_OBJC_ROOT_CLASS = YES_ERROR;
				CLANG_WARN_UNREACHABLE_CODE = YES;
				CLANG_WARN__DUPLICATE_METHOD_MATCH = YES;
				"CODE_SIGN_IDENTITY[sdk=iphoneos*]" = "iPhone Developer";
				COPY_PHASE_STRIP = NO;
				DEBUG_INFORMATION_FORMAT = dwarf;
				ENABLE_STRICT_OBJC_MSGSEND = YES;
				ENABLE_TESTABILITY = YES;
				GCC_C_LANGUAGE_STANDARD = gnu99;
				GCC_DYNAMIC_NO_PIC = NO;
				GCC_NO_COMMON_BLOCKS = YES;
				GCC_OPTIMIZATION_LEVEL = 0;
				GCC_PREPROCESSOR_DEFINITIONS = (
					"DEBUG=1",
					"$(inherited)",
				);
				GCC_WARN_64_TO_32_BIT_CONVERSION = YES;
				GCC_WARN_ABOUT_RETURN_TYPE = YES_ERROR;
				GCC_WARN_UNDECLARED_SELECTOR = YES;
				GCC_WARN_UNINITIALIZED_AUTOS = YES_AGGRESSIVE;
				GCC_WARN_UNUSED_FUNCTION = YES;
				GCC_WARN_UNUSED_VARIABLE = YES;
				IPHONEOS_DEPLOYMENT_TARGET = 9.3;
				MTL_ENABLE_DEBUG_INFO = YES;
				ONLY_ACTIVE_ARCH = YES;
				SDKROOT = iphoneos;
			};
			name = Debug;
		};
		2569B2641CFED7EE0094188A /* Release */ = {
			isa = XCBuildConfiguration;
			buildSettings = {
				ALWAYS_SEARCH_USER_PATHS = NO;
				CLANG_ANALYZER_NONNULL = YES;
				CLANG_CXX_LANGUAGE_STANDARD = "gnu++0x";
				CLANG_CXX_LIBRARY = "libc++";
				CLANG_ENABLE_MODULES = YES;
				CLANG_ENABLE_OBJC_ARC = YES;
				CLANG_WARN_BOOL_CONVERSION = YES;
				CLANG_WARN_CONSTANT_CONVERSION = YES;
				CLANG_WARN_DIRECT_OBJC_ISA_USAGE = YES_ERROR;
				CLANG_WARN_EMPTY_BODY = YES;
				CLANG_WARN_ENUM_CONVERSION = YES;
				CLANG_WARN_INT_CONVERSION = YES;
				CLANG_WARN_OBJC_ROOT_CLASS = YES_ERROR;
				CLANG_WARN_UNREACHABLE_CODE = YES;
				CLANG_WARN__DUPLICATE_METHOD_MATCH = YES;
				"CODE_SIGN_IDENTITY[sdk=iphoneos*]" = "iPhone Developer";
				COPY_PHASE_STRIP = NO;
				DEBUG_INFORMATION_FORMAT = "dwarf-with-dsym";
				ENABLE_NS_ASSERTIONS = NO;
				ENABLE_STRICT_OBJC_MSGSEND = YES;
				GCC_C_LANGUAGE_STANDARD = gnu99;
				GCC_NO_COMMON_BLOCKS = YES;
				GCC_WARN_64_TO_32_BIT_CONVERSION = YES;
				GCC_WARN_ABOUT_RETURN_TYPE = YES_ERROR;
				GCC_WARN_UNDECLARED_SELECTOR = YES;
				GCC_WARN_UNINITIALIZED_AUTOS = YES_AGGRESSIVE;
				GCC_WARN_UNUSED_FUNCTION = YES;
				GCC_WARN_UNUSED_VARIABLE = YES;
				IPHONEOS_DEPLOYMENT_TARGET = 9.3;
				MTL_ENABLE_DEBUG_INFO = NO;
				SDKROOT = iphoneos;
				VALIDATE_PRODUCT = YES;
			};
			name = Release;
		};
		2569B2661CFED7EE0094188A /* Debug */ = {
			isa = XCBuildConfiguration;
			baseConfigurationReference = 522100BC7F63C4F82F1D1850 /* Pods.debug.xcconfig */;
			buildSettings = {
				ASSETCATALOG_COMPILER_APPICON_NAME = AppIcon;
				CLANG_ENABLE_MODULES = YES;
				CODE_SIGN_IDENTITY = "iPhone Developer";
				"CODE_SIGN_IDENTITY[sdk=iphoneos*]" = "iPhone Developer";
				EMBEDDED_CONTENT_CONTAINS_SWIFT = YES;
				ENABLE_BITCODE = NO;
				FRAMEWORK_SEARCH_PATHS = (
					"$(inherited)",
					"$(PROJECT_DIR)/Carthage/Build/iOS",
				);
				GCC_PREFIX_HEADER = PrefixHeader.pch;
				INFOPLIST_FILE = MVVMBinderUseReactiveCocoa/Info.plist;
				IPHONEOS_DEPLOYMENT_TARGET = 8.0;
				LD_RUNPATH_SEARCH_PATHS = "$(inherited) @executable_path/Frameworks";
				PRODUCT_BUNDLE_IDENTIFIER = com.gz.MVVMBinderUseReactiveCocoa;
				PRODUCT_NAME = "$(TARGET_NAME)";
				PROVISIONING_PROFILE = "";
				SWIFT_OBJC_BRIDGING_HEADER = "MVVMBinderUseReactiveCocoa/MVVMBinderUseReactiveCocoa-Bridging-Header.h";
				SWIFT_OPTIMIZATION_LEVEL = "-Onone";
			};
			name = Debug;
		};
		2569B2671CFED7EE0094188A /* Release */ = {
			isa = XCBuildConfiguration;
			baseConfigurationReference = 753617AE657F7BD8F6A0C9C7 /* Pods.release.xcconfig */;
			buildSettings = {
				ASSETCATALOG_COMPILER_APPICON_NAME = AppIcon;
				CLANG_ENABLE_MODULES = YES;
				CODE_SIGN_IDENTITY = "iPhone Developer";
				"CODE_SIGN_IDENTITY[sdk=iphoneos*]" = "iPhone Developer";
				EMBEDDED_CONTENT_CONTAINS_SWIFT = YES;
				ENABLE_BITCODE = NO;
				FRAMEWORK_SEARCH_PATHS = (
					"$(inherited)",
					"$(PROJECT_DIR)/Carthage/Build/iOS",
				);
				GCC_PREFIX_HEADER = PrefixHeader.pch;
				INFOPLIST_FILE = MVVMBinderUseReactiveCocoa/Info.plist;
				IPHONEOS_DEPLOYMENT_TARGET = 8.0;
				LD_RUNPATH_SEARCH_PATHS = "$(inherited) @executable_path/Frameworks";
				PRODUCT_BUNDLE_IDENTIFIER = com.gz.MVVMBinderUseReactiveCocoa;
				PRODUCT_NAME = "$(TARGET_NAME)";
				PROVISIONING_PROFILE = "";
				SWIFT_OBJC_BRIDGING_HEADER = "MVVMBinderUseReactiveCocoa/MVVMBinderUseReactiveCocoa-Bridging-Header.h";
			};
			name = Release;
		};
		2569B2691CFED7EE0094188A /* Debug */ = {
			isa = XCBuildConfiguration;
			buildSettings = {
				BUNDLE_LOADER = "$(TEST_HOST)";
				EMBEDDED_CONTENT_CONTAINS_SWIFT = YES;
				FRAMEWORK_SEARCH_PATHS = (
					"$(inherited)",
					"$(PROJECT_DIR)/Carthage/Build/iOS",
				);
				INFOPLIST_FILE = MVVMBinderUseReactiveCocoaTests/Info.plist;
				LD_RUNPATH_SEARCH_PATHS = "$(inherited) @executable_path/Frameworks @loader_path/Frameworks";
				PRODUCT_BUNDLE_IDENTIFIER = com.gz.MVVMBinderUseReactiveCocoaTests;
				PRODUCT_NAME = "$(TARGET_NAME)";
				TEST_HOST = "$(BUILT_PRODUCTS_DIR)/MVVMBinderUseReactiveCocoa.app/MVVMBinderUseReactiveCocoa";
			};
			name = Debug;
		};
		2569B26A1CFED7EE0094188A /* Release */ = {
			isa = XCBuildConfiguration;
			buildSettings = {
				BUNDLE_LOADER = "$(TEST_HOST)";
				EMBEDDED_CONTENT_CONTAINS_SWIFT = YES;
				FRAMEWORK_SEARCH_PATHS = (
					"$(inherited)",
					"$(PROJECT_DIR)/Carthage/Build/iOS",
				);
				INFOPLIST_FILE = MVVMBinderUseReactiveCocoaTests/Info.plist;
				LD_RUNPATH_SEARCH_PATHS = "$(inherited) @executable_path/Frameworks @loader_path/Frameworks";
				PRODUCT_BUNDLE_IDENTIFIER = com.gz.MVVMBinderUseReactiveCocoaTests;
				PRODUCT_NAME = "$(TARGET_NAME)";
				TEST_HOST = "$(BUILT_PRODUCTS_DIR)/MVVMBinderUseReactiveCocoa.app/MVVMBinderUseReactiveCocoa";
			};
			name = Release;
		};
/* End XCBuildConfiguration section */

/* Begin XCConfigurationList section */
		2569B23E1CFED7EE0094188A /* Build configuration list for PBXProject "MVVMBinderUseReactiveCocoa" */ = {
			isa = XCConfigurationList;
			buildConfigurations = (
				2569B2631CFED7EE0094188A /* Debug */,
				2569B2641CFED7EE0094188A /* Release */,
			);
			defaultConfigurationIsVisible = 0;
			defaultConfigurationName = Release;
		};
		2569B2651CFED7EE0094188A /* Build configuration list for PBXNativeTarget "MVVMBinderUseReactiveCocoa" */ = {
			isa = XCConfigurationList;
			buildConfigurations = (
				2569B2661CFED7EE0094188A /* Debug */,
				2569B2671CFED7EE0094188A /* Release */,
			);
			defaultConfigurationIsVisible = 0;
			defaultConfigurationName = Release;
		};
		2569B2681CFED7EE0094188A /* Build configuration list for PBXNativeTarget "MVVMBinderUseReactiveCocoaTests" */ = {
			isa = XCConfigurationList;
			buildConfigurations = (
				2569B2691CFED7EE0094188A /* Debug */,
				2569B26A1CFED7EE0094188A /* Release */,
			);
			defaultConfigurationIsVisible = 0;
			defaultConfigurationName = Release;
		};
/* End XCConfigurationList section */
	};
	rootObject = 2569B23B1CFED7EE0094188A /* Project object */;
}
